
Microsoft Visual Studio Solution File, Format Version 12.00
# Visual Studio Version 17
VisualStudioVersion = 17.7.34024.191
MinimumVisualStudioVersion = 10.0.40219.1
Project("{9A19103F-16F7-4668-BE54-9A1E7A4F7556}") = "Presentaion", "TestingSystem\Presentaion.csproj", "{99AF457C-E414-4305-B584-E461F21A8B6A}"
EndProject
Project("{FAE04EC0-301F-11D3-BF4B-00C04F79EFBC}") = "Domain", "Domain\Domain.csproj", "{AB06697E-95D1-4103-805A-685842D05397}"
EndProject
Project("{FAE04EC0-301F-11D3-BF4B-00C04F79EFBC}") = "Application", "Application\Application.csproj", "{4D72F535-363B-4881-82A6-9A611F27EE4D}"
EndProject
Project("{FAE04EC0-301F-11D3-BF4B-00C04F79EFBC}") = "Infrastructure", "Infrastructure\Infrastructure.csproj", "{1937690E-4A6C-4D11-BC52-EE306E4C211F}"
EndProject
Project("{2150E333-8FDC-42A3-9474-1A3956D46DE8}") = "Solution Items", "Solution Items", "{FED483F4-B211-4B0C-AD5F-B309CA9F4FD5}"
EndProject
Global
	GlobalSection(SolutionConfigurationPlatforms) = preSolution
		Debug|Any CPU = Debug|Any CPU
		Release|Any CPU = Release|Any CPU
	EndGlobalSection
	GlobalSection(ProjectConfigurationPlatforms) = postSolution
		{99AF457C-E414-4305-B584-E461F21A8B6A}.Debug|Any CPU.ActiveCfg = Debug|Any CPU
		{99AF457C-E414-4305-B584-E461F21A8B6A}.Debug|Any CPU.Build.0 = Debug|Any CPU
		{99AF457C-E414-4305-B584-E461F21A8B6A}.Release|Any CPU.ActiveCfg = Release|Any CPU
		{99AF457C-E414-4305-B584-E461F21A8B6A}.Release|Any CPU.Build.0 = Release|Any CPU
		{AB06697E-95D1-4103-805A-685842D05397}.Debug|Any CPU.ActiveCfg = Debug|Any CPU
		{AB06697E-95D1-4103-805A-685842D05397}.Debug|Any CPU.Build.0 = Debug|Any CPU
		{AB06697E-95D1-4103-805A-685842D05397}.Release|Any CPU.ActiveCfg = Release|Any CPU
		{AB06697E-95D1-4103-805A-685842D05397}.Release|Any CPU.Build.0 = Release|Any CPU
		{4D72F535-363B-4881-82A6-9A611F27EE4D}.Debug|Any CPU.ActiveCfg = Debug|Any CPU
		{4D72F535-363B-4881-82A6-9A611F27EE4D}.Debug|Any CPU.Build.0 = Debug|Any CPU
		{4D72F535-363B-4881-82A6-9A611F27EE4D}.Release|Any CPU.ActiveCfg = Release|Any CPU
		{4D72F535-363B-4881-82A6-9A611F27EE4D}.Release|Any CPU.Build.0 = Release|Any CPU
		{1937690E-4A6C-4D11-BC52-EE306E4C211F}.Debug|Any CPU.ActiveCfg = Debug|Any CPU
		{1937690E-4A6C-4D11-BC52-EE306E4C211F}.Debug|Any CPU.Build.0 = Debug|Any CPU
		{1937690E-4A6C-4D11-BC52-EE306E4C211F}.Release|Any CPU.ActiveCfg = Release|Any CPU
		{1937690E-4A6C-4D11-BC52-EE306E4C211F}.Release|Any CPU.Build.0 = Release|Any CPU
	EndGlobalSection
	GlobalSection(SolutionProperties) = preSolution
		HideSolutionNode = FALSE
	EndGlobalSection
	GlobalSection(ExtensibilityGlobals) = postSolution
		SolutionGuid = {2A4062B0-466E-4A3C-9589-20761620DC2E}
	EndGlobalSection
EndGlobal
